
Microsoft Visual Studio Solution File, Format Version 12.00
# Visual Studio Version 17
VisualStudioVersion = 17.5.33424.131
MinimumVisualStudioVersion = 10.0.40219.1
Project("{FAE04EC0-301F-11D3-BF4B-00C04F79EFBC}") = "user_wallet", "user_wallet.csproj", "{73B6BCAA-C303-46A6-9E11-DD3972E5608D}"
EndProject
Global
	GlobalSection(SolutionConfigurationPlatforms) = preSolution
		Debug|Any CPU = Debug|Any CPU
		Release|Any CPU = Release|Any CPU
	EndGlobalSection
	GlobalSection(ProjectConfigurationPlatforms) = postSolution
		{73B6BCAA-C303-46A6-9E11-DD3972E5608D}.Debug|Any CPU.ActiveCfg = Debug|Any CPU
		{73B6BCAA-C303-46A6-9E11-DD3972E5608D}.Debug|Any CPU.Build.0 = Debug|Any CPU
		{73B6BCAA-C303-46A6-9E11-DD3972E5608D}.Release|Any CPU.ActiveCfg = Release|Any CPU
		{73B6BCAA-C303-46A6-9E11-DD3972E5608D}.Release|Any CPU.Build.0 = Release|Any CPU
	EndGlobalSection
	GlobalSection(SolutionProperties) = preSolution
		HideSolutionNode = FALSE
	EndGlobalSection
	GlobalSection(ExtensibilityGlobals) = postSolution
		SolutionGuid = {082DBA41-3EC8-40C6-BB06-ECDD76ABF867}
	EndGlobalSection
EndGlobal
